// !$*UTF8*$!
{
	archiveVersion = 1;
	classes = {
	};
	objectVersion = 46;
	objects = {

/* Begin PBXBuildFile section */
		EB5F25311D94FFCE00FF2253 /* AppDelegate.swift in Sources */ = {isa = PBXBuildFile; fileRef = EB5F25301D94FFCE00FF2253 /* AppDelegate.swift */; };
		EB5F25331D94FFCE00FF2253 /* ViewController.swift in Sources */ = {isa = PBXBuildFile; fileRef = EB5F25321D94FFCE00FF2253 /* ViewController.swift */; };
		EB5F25361D94FFCE00FF2253 /* Main.storyboard in Resources */ = {isa = PBXBuildFile; fileRef = EB5F25341D94FFCE00FF2253 /* Main.storyboard */; };
		EB5F25381D94FFCE00FF2253 /* Assets.xcassets in Resources */ = {isa = PBXBuildFile; fileRef = EB5F25371D94FFCE00FF2253 /* Assets.xcassets */; };
		EB5F253B1D94FFCE00FF2253 /* LaunchScreen.storyboard in Resources */ = {isa = PBXBuildFile; fileRef = EB5F25391D94FFCE00FF2253 /* LaunchScreen.storyboard */; };
/* End PBXBuildFile section */

/* Begin PBXFileReference section */
		EB5F252D1D94FFCE00FF2253 /* telephoneBook.app */ = {isa = PBXFileReference; explicitFileType = wrapper.application; includeInIndex = 0; path = telephoneBook.app; sourceTree = BUILT_PRODUCTS_DIR; };
		EB5F25301D94FFCE00FF2253 /* AppDelegate.swift */ = {isa = PBXFileReference; lastKnownFileType = sourcecode.swift; path = AppDelegate.swift; sourceTree = "<group>"; };
		EB5F25321D94FFCE00FF2253 /* ViewController.swift */ = {isa = PBXFileReference; lastKnownFileType = sourcecode.swift; path = ViewController.swift; sourceTree = "<group>"; };
		EB5F25351D94FFCE00FF2253 /* Base */ = {isa = PBXFileReference; lastKnownFileType = file.storyboard; name = Base; path = Base.lproj/Main.storyboard; sourceTree = "<group>"; };
		EB5F25371D94FFCE00FF2253 /* Assets.xcassets */ = {isa = PBXFileReference; lastKnownFileType = folder.assetcatalog; path = Assets.xcassets; sourceTree = "<group>"; };
		EB5F253A1D94FFCE00FF2253 /* Base */ = {isa = PBXFileReference; lastKnownFileType = file.storyboard; name = Base; path = Base.lproj/LaunchScreen.storyboard; sourceTree = "<group>"; };
		EB5F253C1D94FFCE00FF2253 /* Info.plist */ = {isa = PBXFileReference; lastKnownFileType = text.plist.xml; path = Info.plist; sourceTree = "<group>"; };
/* End PBXFileReference section */

/* Begin PBXFrameworksBuildPhase section */
		EB5F252A1D94FFCE00FF2253 /* Frameworks */ = {
			isa = PBXFrameworksBuildPhase;
			buildActionMask = 2147483647;
			files = (
			);
			runOnlyForDeploymentPostprocessing = 0;
		};
/* End PBXFrameworksBuildPhase section */

/* Begin PBXGroup section */
		EB5F25241D94FFCE00FF2253 = {
			isa = PBXGroup;
			children = (
				EB5F252F1D94FFCE00FF2253 /* telephoneBook */,
				EB5F252E1D94FFCE00FF2253 /* Products */,
			);
			sourceTree = "<group>";
		};
		EB5F252E1D94FFCE00FF2253 /* Products */ = {
			isa = PBXGroup;
			children = (
				EB5F252D1D94FFCE00FF2253 /* telephoneBook.app */,
			);
			name = Products;
			sourceTree = "<group>";
		};
		EB5F252F1D94FFCE00FF2253 /* telephoneBook */ = {
			isa = PBXGroup;
			children = (
				EB5F25301D94FFCE00FF2253 /* AppDelegate.swift */,
				EB5F25321D94FFCE00FF2253 /* ViewController.swift */,
				EB5F25341D94FFCE00FF2253 /* Main.storyboard */,
				EB5F25371D94FFCE00FF2253 /* Assets.xcassets */,
				EB5F25391D94FFCE00FF2253 /* LaunchScreen.storyboard */,
				EB5F253C1D94FFCE00FF2253 /* Info.plist */,
			);
			path = telephoneBook;
			sourceTree = "<group>";
		};
/* End PBXGroup section */

/* Begin PBXNativeTarget section */
		EB5F252C1D94FFCE00FF2253 /* telephoneBook */ = {
			isa = PBXNativeTarget;
			buildConfigurationList = EB5F253F1D94FFCE00FF2253 /* Build configuration list for PBXNativeTarget "telephoneBook" */;
			buildPhases = (
				EB5F25291D94FFCE00FF2253 /* Sources */,
				EB5F252A1D94FFCE00FF2253 /* Frameworks */,
				EB5F252B1D94FFCE00FF2253 /* Resources */,
			);
			buildRules = (
			);
			dependencies = (
			);
			name = telephoneBook;
			productName = telephoneBook;
			productReference = EB5F252D1D94FFCE00FF2253 /* telephoneBook.app */;
			productType = "com.apple.product-type.application";
		};
/* End PBXNativeTarget section */

/* Begin PBXProject section */
		EB5F25251D94FFCE00FF2253 /* Project object */ = {
			isa = PBXProject;
			attributes = {
				LastSwiftUpdateCheck = 0800;
				LastUpgradeCheck = 0800;
				ORGANIZATIONNAME = joker;
				TargetAttributes = {
					EB5F252C1D94FFCE00FF2253 = {
						CreatedOnToolsVersion = 8.0;
						DevelopmentTeam = ZWZANXUM79;
						ProvisioningStyle = Automatic;
					};
				};
			};
			buildConfigurationList = EB5F25281D94FFCE00FF2253 /* Build configuration list for PBXProject "telephoneBook" */;
			compatibilityVersion = "Xcode 3.2";
			developmentRegion = English;
			hasScannedForEncodings = 0;
			knownRegions = (
				en,
				Base,
			);
			mainGroup = EB5F25241D94FFCE00FF2253;
			productRefGroup = EB5F252E1D94FFCE00FF2253 /* Products */;
			projectDirPath = "";
			projectRoot = "";
			targets = (
				EB5F252C1D94FFCE00FF2253 /* telephoneBook */,
			);
		};
/* End PBXProject section */

/* Begin PBXResourcesBuildPhase section */
		EB5F252B1D94FFCE00FF2253 /* Resources */ = {
			isa = PBXResourcesBuildPhase;
			buildActionMask = 2147483647;
			files = (
				EB5F253B1D94FFCE00FF2253 /* LaunchScreen.storyboard in Resources */,
				EB5F25381D94FFCE00FF2253 /* Assets.xcassets in Resources */,
				EB5F25361D94FFCE00FF2253 /* Main.storyboard in Resources */,
			);
			runOnlyForDeploymentPostprocessing = 0;
		};
/* End PBXResourcesBuildPhase section */

/* Begin PBXSourcesBuildPhase section */
		EB5F25291D94FFCE00FF2253 /* Sources */ = {
			isa = PBXSourcesBuildPhase;
			buildActionMask = 2147483647;
			files = (
				EB5F25331D94FFCE00FF2253 /* ViewController.swift in Sources */,
				EB5F25311D94FFCE00FF2253 /* AppDelegate.swift in Sources */,
			);
			runOnlyForDeploymentPostprocessing = 0;
		};
/* End PBXSourcesBuildPhase section */

/* Begin PBXVariantGroup section */
		EB5F25341D94FFCE00FF2253 /* Main.storyboard */ = {
			isa = PBXVariantGroup;
			children = (
				EB5F25351D94FFCE00FF2253 /* Base */,
			);
			name = Main.storyboard;
			sourceTree = "<group>";
		};
		EB5F25391D94FFCE00FF2253 /* LaunchScreen.storyboard */ = {
			isa = PBXVariantGroup;
			children = (
				EB5F253A1D94FFCE00FF2253 /* Base */,
			);
			name = LaunchScreen.storyboard;
			sourceTree = "<group>";
		};
/* End PBXVariantGroup section */

/* Begin XCBuildConfiguration section */
		EB5F253D1D94FFCE00FF2253 /* Debug */ = {
			isa = XCBuildConfiguration;
			buildSettings = {
				ALWAYS_SEARCH_USER_PATHS = NO;
				CLANG_ANALYZER_NONNULL = YES;
				CLANG_CXX_LANGUAGE_STANDARD = "gnu++0x";
				CLANG_CXX_LIBRARY = "libc++";
				CLANG_ENABLE_MODULES = YES;
				CLANG_ENABLE_OBJC_ARC = YES;
				CLANG_WARN_BOOL_CONVERSION = YES;
				CLANG_WARN_CONSTANT_CONVERSION = YES;
				CLANG_WARN_DIRECT_OBJC_ISA_USAGE = YES_ERROR;
				CLANG_WARN_DOCUMENTATION_COMMENTS = YES;
				CLANG_WARN_EMPTY_BODY = YES;
				CLANG_WARN_ENUM_CONVERSION = YES;
				CLANG_WARN_INFINITE_RECURSION = YES;
				CLANG_WARN_INT_CONVERSION = YES;
				CLANG_WARN_OBJC_ROOT_CLASS = YES_ERROR;
				CLANG_WARN_SUSPICIOUS_MOVES = YES;
				CLANG_WARN_UNREACHABLE_CODE = YES;
				CLANG_WARN__DUPLICATE_METHOD_MATCH = YES;
				"CODE_SIGN_IDENTITY[sdk=iphoneos*]" = "iPhone Developer";
				COPY_PHASE_STRIP = NO;
				DEBUG_INFORMATION_FORMAT = dwarf;
				ENABLE_STRICT_OBJC_MSGSEND = YES;
				ENABLE_TESTABILITY = YES;
				GCC_C_LANGUAGE_STANDARD = gnu99;
				GCC_DYNAMIC_NO_PIC = NO;
				GCC_NO_COMMON_BLOCKS = YES;
				GCC_OPTIMIZATION_LEVEL = 0;
				GCC_PREPROCESSOR_DEFINITIONS = (
					"DEBUG=1",
					"$(inherited)",
				);
				GCC_WARN_64_TO_32_BIT_CONVERSION = YES;
				GCC_WARN_ABOUT_RETURN_TYPE = YES_ERROR;
				GCC_WARN_UNDECLARED_SELECTOR = YES;
				GCC_WARN_UNINITIALIZED_AUTOS = YES_AGGRESSIVE;
				GCC_WARN_UNUSED_FUNCTION = YES;
				GCC_WARN_UNUSED_VARIABLE = YES;
				IPHONEOS_DEPLOYMENT_TARGET = 10.0;
				MTL_ENABLE_DEBUG_INFO = YES;
				ONLY_ACTIVE_ARCH = YES;
				SDKROOT = iphoneos;
				SWIFT_ACTIVE_COMPILATION_CONDITIONS = DEBUG;
				SWIFT_OPTIMIZATION_LEVEL = "-Onone";
			};
			name = Debug;
		};
		EB5F253E1D94FFCE00FF2253 /* Release */ = {
			isa = XCBuildConfiguration;
			buildSettings = {
				ALWAYS_SEARCH_USER_PATHS = NO;
				CLANG_ANALYZER_NONNULL = YES;
				CLANG_CXX_LANGUAGE_STANDARD = "gnu++0x";
				CLANG_CXX_LIBRARY = "libc++";
				CLANG_ENABLE_MODULES = YES;
				CLANG_ENABLE_OBJC_ARC = YES;
				CLANG_WARN_BOOL_CONVERSION = YES;
				CLANG_WARN_CONSTANT_CONVERSION = YES;
				CLANG_WARN_DIRECT_OBJC_ISA_USAGE = YES_ERROR;
				CLANG_WARN_DOCUMENTATION_COMMENTS = YES;
				CLANG_WARN_EMPTY_BODY = YES;
				CLANG_WARN_ENUM_CONVERSION = YES;
				CLANG_WARN_INFINITE_RECURSION = YES;
				CLANG_WARN_INT_CONVERSION = YES;
				CLANG_WARN_OBJC_ROOT_CLASS = YES_ERROR;
				CLANG_WARN_SUSPICIOUS_MOVES = YES;
				CLANG_WARN_UNREACHABLE_CODE = YES;
				CLANG_WARN__DUPLICATE_METHOD_MATCH = YES;
				"CODE_SIGN_IDENTITY[sdk=iphoneos*]" = "iPhone Developer";
				COPY_PHASE_STRIP = NO;
				DEBUG_INFORMATION_FORMAT = "dwarf-with-dsym";
				ENABLE_NS_ASSERTIONS = NO;
				ENABLE_STRICT_OBJC_MSGSEND = YES;
				GCC_C_LANGUAGE_STANDARD = gnu99;
				GCC_NO_COMMON_BLOCKS = YES;
				GCC_WARN_64_TO_32_BIT_CONVERSION = YES;
				GCC_WARN_ABOUT_RETURN_TYPE = YES_ERROR;
				GCC_WARN_UNDECLARED_SELECTOR = YES;
				GCC_WARN_UNINITIALIZED_AUTOS = YES_AGGRESSIVE;
				GCC_WARN_UNUSED_FUNCTION = YES;
				GCC_WARN_UNUSED_VARIABLE = YES;
				IPHONEOS_DEPLOYMENT_TARGET = 10.0;
				MTL_ENABLE_DEBUG_INFO = NO;
				SDKROOT = iphoneos;
				SWIFT_OPTIMIZATION_LEVEL = "-Owholemodule";
				VALIDATE_PRODUCT = YES;
			};
			name = Release;
		};
		EB5F25401D94FFCE00FF2253 /* Debug */ = {
			isa = XCBuildConfiguration;
			buildSettings = {
				ASSETCATALOG_COMPILER_APPICON_NAME = AppIcon;
				DEVELOPMENT_TEAM = ZWZANXUM79;
				INFOPLIST_FILE = telephoneBook/Info.plist;
				IPHONEOS_DEPLOYMENT_TARGET = 8.0;
				LD_RUNPATH_SEARCH_PATHS = "$(inherited) @executable_path/Frameworks";
				PRODUCT_BUNDLE_IDENTIFIER = "com.iOS-swift.20160422.learn.telephoneBook";
				PRODUCT_NAME = "$(TARGET_NAME)";
				SWIFT_VERSION = 3.0;
			};
			name = Debug;
		};
		EB5F25411D94FFCE00FF2253 /* Release */ = {
			isa = XCBuildConfiguration;
			buildSettings = {
				ASSETCATALOG_COMPILER_APPICON_NAME = AppIcon;
				DEVELOPMENT_TEAM = ZWZANXUM79;
				INFOPLIST_FILE = telephoneBook/Info.plist;
				IPHONEOS_DEPLOYMENT_TARGET = 8.0;
				LD_RUNPATH_SEARCH_PATHS = "$(inherited) @executable_path/Frameworks";
				PRODUCT_BUNDLE_IDENTIFIER = "com.iOS-swift.20160422.learn.telephoneBook";
				PRODUCT_NAME = "$(TARGET_NAME)";
				SWIFT_VERSION = 3.0;
			};
			name = Release;
		};
/* End XCBuildConfiguration section */

/* Begin XCConfigurationList section */
		EB5F25281D94FFCE00FF2253 /* Build configuration list for PBXProject "telephoneBook" */ = {
			isa = XCConfigurationList;
			buildConfigurations = (
				EB5F253D1D94FFCE00FF2253 /* Debug */,
				EB5F253E1D94FFCE00FF2253 /* Release */,
			);
			defaultConfigurationIsVisible = 0;
			defaultConfigurationName = Release;
		};
		EB5F253F1D94FFCE00FF2253 /* Build configuration list for PBXNativeTarget "telephoneBook" */ = {
			isa = XCConfigurationList;
			buildConfigurations = (
				EB5F25401D94FFCE00FF2253 /* Debug */,
				EB5F25411D94FFCE00FF2253 /* Release */,
			);
			defaultConfigurationIsVisible = 0;
		};
/* End XCConfigurationList section */
	};
	rootObject = EB5F25251D94FFCE00FF2253 /* Project object */;
}
